
Microsoft Visual Studio Solution File, Format Version 12.00
# Visual Studio Version 17
VisualStudioVersion = 17.13.35931.197 d17.13
MinimumVisualStudioVersion = 10.0.40219.1
Project("{FAE04EC0-301F-11D3-BF4B-00C04F79EFBC}") = "MpBossParserNotification", "MpBossParserNotification\MpBossParserNotification.csproj", "{AF413628-B3B7-4FB6-AE12-DF890424C729}"
EndProject
Global
	GlobalSection(SolutionConfigurationPlatforms) = preSolution
		Debug|Any CPU = Debug|Any CPU
		Release|Any CPU = Release|Any CPU
	EndGlobalSection
	GlobalSection(ProjectConfigurationPlatforms) = postSolution
		{AF413628-B3B7-4FB6-AE12-DF890424C729}.Debug|Any CPU.ActiveCfg = Debug|Any CPU
		{AF413628-B3B7-4FB6-AE12-DF890424C729}.Debug|Any CPU.Build.0 = Debug|Any CPU
		{AF413628-B3B7-4FB6-AE12-DF890424C729}.Release|Any CPU.ActiveCfg = Release|Any CPU
		{AF413628-B3B7-4FB6-AE12-DF890424C729}.Release|Any CPU.Build.0 = Release|Any CPU
	EndGlobalSection
	GlobalSection(SolutionProperties) = preSolution
		HideSolutionNode = FALSE
	EndGlobalSection
	GlobalSection(ExtensibilityGlobals) = postSolution
		SolutionGuid = {20534497-C604-4696-8F8A-C4D434BEE488}
	EndGlobalSection
EndGlobal
